// !$*UTF8*$!
{
	archiveVersion = 1;
	classes = {
	};
	objectVersion = 46;
	objects = {

/* Begin PBXBuildFile section */
		39D9A4D618D84D3900A2E5DB /* Foundation.framework in Frameworks */ = {isa = PBXBuildFile; fileRef = 39D9A4D518D84D3900A2E5DB /* Foundation.framework */; };
		39D9A4D818D84D3900A2E5DB /* CoreGraphics.framework in Frameworks */ = {isa = PBXBuildFile; fileRef = 39D9A4D718D84D3900A2E5DB /* CoreGraphics.framework */; };
		39D9A4DA18D84D3900A2E5DB /* UIKit.framework in Frameworks */ = {isa = PBXBuildFile; fileRef = 39D9A4D918D84D3900A2E5DB /* UIKit.framework */; };
		39D9A4E018D84D3900A2E5DB /* InfoPlist.strings in Resources */ = {isa = PBXBuildFile; fileRef = 39D9A4DE18D84D3900A2E5DB /* InfoPlist.strings */; };
		39D9A4E218D84D3900A2E5DB /* main.m in Sources */ = {isa = PBXBuildFile; fileRef = 39D9A4E118D84D3900A2E5DB /* main.m */; };
		39D9A4E618D84D3900A2E5DB /* AppDelegate.m in Sources */ = {isa = PBXBuildFile; fileRef = 39D9A4E518D84D3900A2E5DB /* AppDelegate.m */; };
		39D9A4E818D84D3900A2E5DB /* Images.xcassets in Resources */ = {isa = PBXBuildFile; fileRef = 39D9A4E718D84D3900A2E5DB /* Images.xcassets */; };
		39D9A4EF18D84D3900A2E5DB /* XCTest.framework in Frameworks */ = {isa = PBXBuildFile; fileRef = 39D9A4EE18D84D3900A2E5DB /* XCTest.framework */; };
		39D9A4F018D84D3900A2E5DB /* Foundation.framework in Frameworks */ = {isa = PBXBuildFile; fileRef = 39D9A4D518D84D3900A2E5DB /* Foundation.framework */; };
		39D9A4F118D84D3900A2E5DB /* UIKit.framework in Frameworks */ = {isa = PBXBuildFile; fileRef = 39D9A4D918D84D3900A2E5DB /* UIKit.framework */; };
		39D9A4F918D84D3900A2E5DB /* InfoPlist.strings in Resources */ = {isa = PBXBuildFile; fileRef = 39D9A4F718D84D3900A2E5DB /* InfoPlist.strings */; };
		39D9A4FB18D84D3900A2E5DB /* MentionTagingTests.m in Sources */ = {isa = PBXBuildFile; fileRef = 39D9A4FA18D84D3900A2E5DB /* MentionTagingTests.m */; };
		39D9A50A18D84EF000A2E5DB /* MentionTaggingTextView.m in Sources */ = {isa = PBXBuildFile; fileRef = 39D9A50918D84EF000A2E5DB /* MentionTaggingTextView.m */; };
		39D9A50D18D84F8E00A2E5DB /* GGHashtagMentionController.m in Sources */ = {isa = PBXBuildFile; fileRef = 39D9A50C18D84F8E00A2E5DB /* GGHashtagMentionController.m */; };
		39D9A51018D856F100A2E5DB /* FollowingFollowers.m in Sources */ = {isa = PBXBuildFile; fileRef = 39D9A50F18D856F100A2E5DB /* FollowingFollowers.m */; };
		39D9A51418D8614500A2E5DB /* SimpleViewController.m in Sources */ = {isa = PBXBuildFile; fileRef = 39D9A51218D8614500A2E5DB /* SimpleViewController.m */; };
		39D9A51518D8614500A2E5DB /* SimpleViewController.xib in Resources */ = {isa = PBXBuildFile; fileRef = 39D9A51318D8614500A2E5DB /* SimpleViewController.xib */; };
/* End PBXBuildFile section */

/* Begin PBXContainerItemProxy section */
		39D9A4F218D84D3900A2E5DB /* PBXContainerItemProxy */ = {
			isa = PBXContainerItemProxy;
			containerPortal = 39D9A4CA18D84D3900A2E5DB /* Project object */;
			proxyType = 1;
			remoteGlobalIDString = 39D9A4D118D84D3900A2E5DB;
			remoteInfo = MentionTaging;
		};
/* End PBXContainerItemProxy section */

/* Begin PBXFileReference section */
		39D9A4D218D84D3900A2E5DB /* MentionTaging.app */ = {isa = PBXFileReference; explicitFileType = wrapper.application; includeInIndex = 0; path = MentionTaging.app; sourceTree = BUILT_PRODUCTS_DIR; };
		39D9A4D518D84D3900A2E5DB /* Foundation.framework */ = {isa = PBXFileReference; lastKnownFileType = wrapper.framework; name = Foundation.framework; path = System/Library/Frameworks/Foundation.framework; sourceTree = SDKROOT; };
		39D9A4D718D84D3900A2E5DB /* CoreGraphics.framework */ = {isa = PBXFileReference; lastKnownFileType = wrapper.framework; name = CoreGraphics.framework; path = System/Library/Frameworks/CoreGraphics.framework; sourceTree = SDKROOT; };
		39D9A4D918D84D3900A2E5DB /* UIKit.framework */ = {isa = PBXFileReference; lastKnownFileType = wrapper.framework; name = UIKit.framework; path = System/Library/Frameworks/UIKit.framework; sourceTree = SDKROOT; };
		39D9A4DD18D84D3900A2E5DB /* MentionTaging-Info.plist */ = {isa = PBXFileReference; lastKnownFileType = text.plist.xml; path = "MentionTaging-Info.plist"; sourceTree = "<group>"; };
		39D9A4DF18D84D3900A2E5DB /* en */ = {isa = PBXFileReference; lastKnownFileType = text.plist.strings; name = en; path = en.lproj/InfoPlist.strings; sourceTree = "<group>"; };
		39D9A4E118D84D3900A2E5DB /* main.m */ = {isa = PBXFileReference; lastKnownFileType = sourcecode.c.objc; path = main.m; sourceTree = "<group>"; };
		39D9A4E318D84D3900A2E5DB /* MentionTaging-Prefix.pch */ = {isa = PBXFileReference; lastKnownFileType = sourcecode.c.h; path = "MentionTaging-Prefix.pch"; sourceTree = "<group>"; };
		39D9A4E418D84D3900A2E5DB /* AppDelegate.h */ = {isa = PBXFileReference; lastKnownFileType = sourcecode.c.h; path = AppDelegate.h; sourceTree = "<group>"; };
		39D9A4E518D84D3900A2E5DB /* AppDelegate.m */ = {isa = PBXFileReference; lastKnownFileType = sourcecode.c.objc; path = AppDelegate.m; sourceTree = "<group>"; };
		39D9A4E718D84D3900A2E5DB /* Images.xcassets */ = {isa = PBXFileReference; lastKnownFileType = folder.assetcatalog; path = Images.xcassets; sourceTree = "<group>"; };
		39D9A4ED18D84D3900A2E5DB /* MentionTagingTests.xctest */ = {isa = PBXFileReference; explicitFileType = wrapper.cfbundle; includeInIndex = 0; path = MentionTagingTests.xctest; sourceTree = BUILT_PRODUCTS_DIR; };
		39D9A4EE18D84D3900A2E5DB /* XCTest.framework */ = {isa = PBXFileReference; lastKnownFileType = wrapper.framework; name = XCTest.framework; path = Library/Frameworks/XCTest.framework; sourceTree = DEVELOPER_DIR; };
		39D9A4F618D84D3900A2E5DB /* MentionTagingTests-Info.plist */ = {isa = PBXFileReference; lastKnownFileType = text.plist.xml; path = "MentionTagingTests-Info.plist"; sourceTree = "<group>"; };
		39D9A4F818D84D3900A2E5DB /* en */ = {isa = PBXFileReference; lastKnownFileType = text.plist.strings; name = en; path = en.lproj/InfoPlist.strings; sourceTree = "<group>"; };
		39D9A4FA18D84D3900A2E5DB /* MentionTagingTests.m */ = {isa = PBXFileReference; lastKnownFileType = sourcecode.c.objc; path = MentionTagingTests.m; sourceTree = "<group>"; };
		39D9A50818D84EF000A2E5DB /* MentionTaggingTextView.h */ = {isa = PBXFileReference; fileEncoding = 4; lastKnownFileType = sourcecode.c.h; path = MentionTaggingTextView.h; sourceTree = "<group>"; };
		39D9A50918D84EF000A2E5DB /* MentionTaggingTextView.m */ = {isa = PBXFileReference; fileEncoding = 4; lastKnownFileType = sourcecode.c.objc; path = MentionTaggingTextView.m; sourceTree = "<group>"; };
		39D9A50B18D84F8E00A2E5DB /* GGHashtagMentionController.h */ = {isa = PBXFileReference; fileEncoding = 4; lastKnownFileType = sourcecode.c.h; path = GGHashtagMentionController.h; sourceTree = "<group>"; };
		39D9A50C18D84F8E00A2E5DB /* GGHashtagMentionController.m */ = {isa = PBXFileReference; fileEncoding = 4; lastKnownFileType = sourcecode.c.objc; path = GGHashtagMentionController.m; sourceTree = "<group>"; };
		39D9A50E18D856F100A2E5DB /* FollowingFollowers.h */ = {isa = PBXFileReference; fileEncoding = 4; lastKnownFileType = sourcecode.c.h; path = FollowingFollowers.h; sourceTree = "<group>"; };
		39D9A50F18D856F100A2E5DB /* FollowingFollowers.m */ = {isa = PBXFileReference; fileEncoding = 4; lastKnownFileType = sourcecode.c.objc; path = FollowingFollowers.m; sourceTree = "<group>"; };
		39D9A51118D8614500A2E5DB /* SimpleViewController.h */ = {isa = PBXFileReference; fileEncoding = 4; lastKnownFileType = sourcecode.c.h; path = SimpleViewController.h; sourceTree = "<group>"; };
		39D9A51218D8614500A2E5DB /* SimpleViewController.m */ = {isa = PBXFileReference; fileEncoding = 4; lastKnownFileType = sourcecode.c.objc; path = SimpleViewController.m; sourceTree = "<group>"; };
		39D9A51318D8614500A2E5DB /* SimpleViewController.xib */ = {isa = PBXFileReference; fileEncoding = 4; lastKnownFileType = file.xib; path = SimpleViewController.xib; sourceTree = "<group>"; };
/* End PBXFileReference section */

/* Begin PBXFrameworksBuildPhase section */
		39D9A4CF18D84D3900A2E5DB /* Frameworks */ = {
			isa = PBXFrameworksBuildPhase;
			buildActionMask = 2147483647;
			files = (
				39D9A4D818D84D3900A2E5DB /* CoreGraphics.framework in Frameworks */,
				39D9A4DA18D84D3900A2E5DB /* UIKit.framework in Frameworks */,
				39D9A4D618D84D3900A2E5DB /* Foundation.framework in Frameworks */,
			);
			runOnlyForDeploymentPostprocessing = 0;
		};
		39D9A4EA18D84D3900A2E5DB /* Frameworks */ = {
			isa = PBXFrameworksBuildPhase;
			buildActionMask = 2147483647;
			files = (
				39D9A4EF18D84D3900A2E5DB /* XCTest.framework in Frameworks */,
				39D9A4F118D84D3900A2E5DB /* UIKit.framework in Frameworks */,
				39D9A4F018D84D3900A2E5DB /* Foundation.framework in Frameworks */,
			);
			runOnlyForDeploymentPostprocessing = 0;
		};
/* End PBXFrameworksBuildPhase section */

/* Begin PBXGroup section */
		39D9A4C918D84D3900A2E5DB = {
			isa = PBXGroup;
			children = (
				39D9A4DB18D84D3900A2E5DB /* MentionTaging */,
				39D9A4F418D84D3900A2E5DB /* MentionTagingTests */,
				39D9A4D418D84D3900A2E5DB /* Frameworks */,
				39D9A4D318D84D3900A2E5DB /* Products */,
			);
			sourceTree = "<group>";
		};
		39D9A4D318D84D3900A2E5DB /* Products */ = {
			isa = PBXGroup;
			children = (
				39D9A4D218D84D3900A2E5DB /* MentionTaging.app */,
				39D9A4ED18D84D3900A2E5DB /* MentionTagingTests.xctest */,
			);
			name = Products;
			sourceTree = "<group>";
		};
		39D9A4D418D84D3900A2E5DB /* Frameworks */ = {
			isa = PBXGroup;
			children = (
				39D9A4D518D84D3900A2E5DB /* Foundation.framework */,
				39D9A4D718D84D3900A2E5DB /* CoreGraphics.framework */,
				39D9A4D918D84D3900A2E5DB /* UIKit.framework */,
				39D9A4EE18D84D3900A2E5DB /* XCTest.framework */,
			);
			name = Frameworks;
			sourceTree = "<group>";
		};
		39D9A4DB18D84D3900A2E5DB /* MentionTaging */ = {
			isa = PBXGroup;
			children = (
				39D9A50418D84EC700A2E5DB /* MenationTaggingClass */,
				39D9A4E418D84D3900A2E5DB /* AppDelegate.h */,
				39D9A4E518D84D3900A2E5DB /* AppDelegate.m */,
				39D9A51118D8614500A2E5DB /* SimpleViewController.h */,
				39D9A51218D8614500A2E5DB /* SimpleViewController.m */,
				39D9A51318D8614500A2E5DB /* SimpleViewController.xib */,
				39D9A4E718D84D3900A2E5DB /* Images.xcassets */,
				39D9A4DC18D84D3900A2E5DB /* Supporting Files */,
			);
			path = MentionTaging;
			sourceTree = "<group>";
		};
		39D9A4DC18D84D3900A2E5DB /* Supporting Files */ = {
			isa = PBXGroup;
			children = (
				39D9A4DD18D84D3900A2E5DB /* MentionTaging-Info.plist */,
				39D9A4DE18D84D3900A2E5DB /* InfoPlist.strings */,
				39D9A4E118D84D3900A2E5DB /* main.m */,
				39D9A4E318D84D3900A2E5DB /* MentionTaging-Prefix.pch */,
			);
			name = "Supporting Files";
			sourceTree = "<group>";
		};
		39D9A4F418D84D3900A2E5DB /* MentionTagingTests */ = {
			isa = PBXGroup;
			children = (
				39D9A4FA18D84D3900A2E5DB /* MentionTagingTests.m */,
				39D9A4F518D84D3900A2E5DB /* Supporting Files */,
			);
			path = MentionTagingTests;
			sourceTree = "<group>";
		};
		39D9A4F518D84D3900A2E5DB /* Supporting Files */ = {
			isa = PBXGroup;
			children = (
				39D9A4F618D84D3900A2E5DB /* MentionTagingTests-Info.plist */,
				39D9A4F718D84D3900A2E5DB /* InfoPlist.strings */,
			);
			name = "Supporting Files";
			sourceTree = "<group>";
		};
		39D9A50418D84EC700A2E5DB /* MenationTaggingClass */ = {
			isa = PBXGroup;
			children = (
				39D9A50E18D856F100A2E5DB /* FollowingFollowers.h */,
				39D9A50F18D856F100A2E5DB /* FollowingFollowers.m */,
				39D9A50B18D84F8E00A2E5DB /* GGHashtagMentionController.h */,
				39D9A50C18D84F8E00A2E5DB /* GGHashtagMentionController.m */,
				39D9A50818D84EF000A2E5DB /* MentionTaggingTextView.h */,
				39D9A50918D84EF000A2E5DB /* MentionTaggingTextView.m */,
			);
			path = MenationTaggingClass;
			sourceTree = "<group>";
		};
/* End PBXGroup section */

/* Begin PBXNativeTarget section */
		39D9A4D118D84D3900A2E5DB /* MentionTaging */ = {
			isa = PBXNativeTarget;
			buildConfigurationList = 39D9A4FE18D84D3900A2E5DB /* Build configuration list for PBXNativeTarget "MentionTaging" */;
			buildPhases = (
				39D9A4CE18D84D3900A2E5DB /* Sources */,
				39D9A4CF18D84D3900A2E5DB /* Frameworks */,
				39D9A4D018D84D3900A2E5DB /* Resources */,
			);
			buildRules = (
			);
			dependencies = (
			);
			name = MentionTaging;
			productName = MentionTaging;
			productReference = 39D9A4D218D84D3900A2E5DB /* MentionTaging.app */;
			productType = "com.apple.product-type.application";
		};
		39D9A4EC18D84D3900A2E5DB /* MentionTagingTests */ = {
			isa = PBXNativeTarget;
			buildConfigurationList = 39D9A50118D84D3900A2E5DB /* Build configuration list for PBXNativeTarget "MentionTagingTests" */;
			buildPhases = (
				39D9A4E918D84D3900A2E5DB /* Sources */,
				39D9A4EA18D84D3900A2E5DB /* Frameworks */,
				39D9A4EB18D84D3900A2E5DB /* Resources */,
			);
			buildRules = (
			);
			dependencies = (
				39D9A4F318D84D3900A2E5DB /* PBXTargetDependency */,
			);
			name = MentionTagingTests;
			productName = MentionTagingTests;
			productReference = 39D9A4ED18D84D3900A2E5DB /* MentionTagingTests.xctest */;
			productType = "com.apple.product-type.bundle.unit-test";
		};
/* End PBXNativeTarget section */

/* Begin PBXProject section */
		39D9A4CA18D84D3900A2E5DB /* Project object */ = {
			isa = PBXProject;
			attributes = {
				LastUpgradeCheck = 0500;
				ORGANIZATIONNAME = "Neel Shah";
				TargetAttributes = {
					39D9A4EC18D84D3900A2E5DB = {
						TestTargetID = 39D9A4D118D84D3900A2E5DB;
					};
				};
			};
			buildConfigurationList = 39D9A4CD18D84D3900A2E5DB /* Build configuration list for PBXProject "MentionTaging" */;
			compatibilityVersion = "Xcode 3.2";
			developmentRegion = English;
			hasScannedForEncodings = 0;
			knownRegions = (
				en,
			);
			mainGroup = 39D9A4C918D84D3900A2E5DB;
			productRefGroup = 39D9A4D318D84D3900A2E5DB /* Products */;
			projectDirPath = "";
			projectRoot = "";
			targets = (
				39D9A4D118D84D3900A2E5DB /* MentionTaging */,
				39D9A4EC18D84D3900A2E5DB /* MentionTagingTests */,
			);
		};
/* End PBXProject section */

/* Begin PBXResourcesBuildPhase section */
		39D9A4D018D84D3900A2E5DB /* Resources */ = {
			isa = PBXResourcesBuildPhase;
			buildActionMask = 2147483647;
			files = (
				39D9A51518D8614500A2E5DB /* SimpleViewController.xib in Resources */,
				39D9A4E018D84D3900A2E5DB /* InfoPlist.strings in Resources */,
				39D9A4E818D84D3900A2E5DB /* Images.xcassets in Resources */,
			);
			runOnlyForDeploymentPostprocessing = 0;
		};
		39D9A4EB18D84D3900A2E5DB /* Resources */ = {
			isa = PBXResourcesBuildPhase;
			buildActionMask = 2147483647;
			files = (
				39D9A4F918D84D3900A2E5DB /* InfoPlist.strings in Resources */,
			);
			runOnlyForDeploymentPostprocessing = 0;
		};
/* End PBXResourcesBuildPhase section */

/* Begin PBXSourcesBuildPhase section */
		39D9A4CE18D84D3900A2E5DB /* Sources */ = {
			isa = PBXSourcesBuildPhase;
			buildActionMask = 2147483647;
			files = (
				39D9A4E618D84D3900A2E5DB /* AppDelegate.m in Sources */,
				39D9A50A18D84EF000A2E5DB /* MentionTaggingTextView.m in Sources */,
				39D9A4E218D84D3900A2E5DB /* main.m in Sources */,
				39D9A50D18D84F8E00A2E5DB /* GGHashtagMentionController.m in Sources */,
				39D9A51418D8614500A2E5DB /* SimpleViewController.m in Sources */,
				39D9A51018D856F100A2E5DB /* FollowingFollowers.m in Sources */,
			);
			runOnlyForDeploymentPostprocessing = 0;
		};
		39D9A4E918D84D3900A2E5DB /* Sources */ = {
			isa = PBXSourcesBuildPhase;
			buildActionMask = 2147483647;
			files = (
				39D9A4FB18D84D3900A2E5DB /* MentionTagingTests.m in Sources */,
			);
			runOnlyForDeploymentPostprocessing = 0;
		};
/* End PBXSourcesBuildPhase section */

/* Begin PBXTargetDependency section */
		39D9A4F318D84D3900A2E5DB /* PBXTargetDependency */ = {
			isa = PBXTargetDependency;
			target = 39D9A4D118D84D3900A2E5DB /* MentionTaging */;
			targetProxy = 39D9A4F218D84D3900A2E5DB /* PBXContainerItemProxy */;
		};
/* End PBXTargetDependency section */

/* Begin PBXVariantGroup section */
		39D9A4DE18D84D3900A2E5DB /* InfoPlist.strings */ = {
			isa = PBXVariantGroup;
			children = (
				39D9A4DF18D84D3900A2E5DB /* en */,
			);
			name = InfoPlist.strings;
			sourceTree = "<group>";
		};
		39D9A4F718D84D3900A2E5DB /* InfoPlist.strings */ = {
			isa = PBXVariantGroup;
			children = (
				39D9A4F818D84D3900A2E5DB /* en */,
			);
			name = InfoPlist.strings;
			sourceTree = "<group>";
		};
/* End PBXVariantGroup section */

/* Begin XCBuildConfiguration section */
		39D9A4FC18D84D3900A2E5DB /* Debug */ = {
			isa = XCBuildConfiguration;
			buildSettings = {
				ALWAYS_SEARCH_USER_PATHS = NO;
				ARCHS = "$(ARCHS_STANDARD_INCLUDING_64_BIT)";
				CLANG_CXX_LANGUAGE_STANDARD = "gnu++0x";
				CLANG_CXX_LIBRARY = "libc++";
				CLANG_ENABLE_MODULES = YES;
				CLANG_ENABLE_OBJC_ARC = YES;
				CLANG_WARN_BOOL_CONVERSION = YES;
				CLANG_WARN_CONSTANT_CONVERSION = YES;
				CLANG_WARN_DIRECT_OBJC_ISA_USAGE = YES_ERROR;
				CLANG_WARN_EMPTY_BODY = YES;
				CLANG_WARN_ENUM_CONVERSION = YES;
				CLANG_WARN_INT_CONVERSION = YES;
				CLANG_WARN_OBJC_ROOT_CLASS = YES_ERROR;
				CLANG_WARN__DUPLICATE_METHOD_MATCH = YES;
				"CODE_SIGN_IDENTITY[sdk=iphoneos*]" = "iPhone Developer";
				COPY_PHASE_STRIP = NO;
				GCC_C_LANGUAGE_STANDARD = gnu99;
				GCC_DYNAMIC_NO_PIC = NO;
				GCC_OPTIMIZATION_LEVEL = 0;
				GCC_PREPROCESSOR_DEFINITIONS = (
					"DEBUG=1",
					"$(inherited)",
				);
				GCC_SYMBOLS_PRIVATE_EXTERN = NO;
				GCC_WARN_64_TO_32_BIT_CONVERSION = YES;
				GCC_WARN_ABOUT_RETURN_TYPE = YES_ERROR;
				GCC_WARN_UNDECLARED_SELECTOR = YES;
				GCC_WARN_UNINITIALIZED_AUTOS = YES;
				GCC_WARN_UNUSED_FUNCTION = YES;
				GCC_WARN_UNUSED_VARIABLE = YES;
				IPHONEOS_DEPLOYMENT_TARGET = 7.0;
				ONLY_ACTIVE_ARCH = YES;
				SDKROOT = iphoneos;
			};
			name = Debug;
		};
		39D9A4FD18D84D3900A2E5DB /* Release */ = {
			isa = XCBuildConfiguration;
			buildSettings = {
				ALWAYS_SEARCH_USER_PATHS = NO;
				ARCHS = "$(ARCHS_STANDARD_INCLUDING_64_BIT)";
				CLANG_CXX_LANGUAGE_STANDARD = "gnu++0x";
				CLANG_CXX_LIBRARY = "libc++";
				CLANG_ENABLE_MODULES = YES;
				CLANG_ENABLE_OBJC_ARC = YES;
				CLANG_WARN_BOOL_CONVERSION = YES;
				CLANG_WARN_CONSTANT_CONVERSION = YES;
				CLANG_WARN_DIRECT_OBJC_ISA_USAGE = YES_ERROR;
				CLANG_WARN_EMPTY_BODY = YES;
				CLANG_WARN_ENUM_CONVERSION = YES;
				CLANG_WARN_INT_CONVERSION = YES;
				CLANG_WARN_OBJC_ROOT_CLASS = YES_ERROR;
				CLANG_WARN__DUPLICATE_METHOD_MATCH = YES;
				"CODE_SIGN_IDENTITY[sdk=iphoneos*]" = "iPhone Developer";
				COPY_PHASE_STRIP = YES;
				ENABLE_NS_ASSERTIONS = NO;
				GCC_C_LANGUAGE_STANDARD = gnu99;
				GCC_WARN_64_TO_32_BIT_CONVERSION = YES;
				GCC_WARN_ABOUT_RETURN_TYPE = YES_ERROR;
				GCC_WARN_UNDECLARED_SELECTOR = YES;
				GCC_WARN_UNINITIALIZED_AUTOS = YES;
				GCC_WARN_UNUSED_FUNCTION = YES;
				GCC_WARN_UNUSED_VARIABLE = YES;
				IPHONEOS_DEPLOYMENT_TARGET = 7.0;
				SDKROOT = iphoneos;
				VALIDATE_PRODUCT = YES;
			};
			name = Release;
		};
		39D9A4FF18D84D3900A2E5DB /* Debug */ = {
			isa = XCBuildConfiguration;
			buildSettings = {
				ASSETCATALOG_COMPILER_APPICON_NAME = AppIcon;
				ASSETCATALOG_COMPILER_LAUNCHIMAGE_NAME = LaunchImage;
				GCC_PRECOMPILE_PREFIX_HEADER = YES;
				GCC_PREFIX_HEADER = "MentionTaging/MentionTaging-Prefix.pch";
				INFOPLIST_FILE = "MentionTaging/MentionTaging-Info.plist";
				IPHONEOS_DEPLOYMENT_TARGET = 6.0;
				PRODUCT_NAME = "$(TARGET_NAME)";
				WRAPPER_EXTENSION = app;
			};
			name = Debug;
		};
		39D9A50018D84D3900A2E5DB /* Release */ = {
			isa = XCBuildConfiguration;
			buildSettings = {
				ASSETCATALOG_COMPILER_APPICON_NAME = AppIcon;
				ASSETCATALOG_COMPILER_LAUNCHIMAGE_NAME = LaunchImage;
				GCC_PRECOMPILE_PREFIX_HEADER = YES;
				GCC_PREFIX_HEADER = "MentionTaging/MentionTaging-Prefix.pch";
				INFOPLIST_FILE = "MentionTaging/MentionTaging-Info.plist";
				IPHONEOS_DEPLOYMENT_TARGET = 6.0;
				PRODUCT_NAME = "$(TARGET_NAME)";
				WRAPPER_EXTENSION = app;
			};
			name = Release;
		};
		39D9A50218D84D3900A2E5DB /* Debug */ = {
			isa = XCBuildConfiguration;
			buildSettings = {
				ARCHS = "$(ARCHS_STANDARD_INCLUDING_64_BIT)";
				BUNDLE_LOADER = "$(BUILT_PRODUCTS_DIR)/MentionTaging.app/MentionTaging";
				FRAMEWORK_SEARCH_PATHS = (
					"$(SDKROOT)/Developer/Library/Frameworks",
					"$(inherited)",
					"$(DEVELOPER_FRAMEWORKS_DIR)",
				);
				GCC_PRECOMPILE_PREFIX_HEADER = YES;
				GCC_PREFIX_HEADER = "MentionTaging/MentionTaging-Prefix.pch";
				GCC_PREPROCESSOR_DEFINITIONS = (
					"DEBUG=1",
					"$(inherited)",
				);
				INFOPLIST_FILE = "MentionTagingTests/MentionTagingTests-Info.plist";
				PRODUCT_NAME = "$(TARGET_NAME)";
				TEST_HOST = "$(BUNDLE_LOADER)";
				WRAPPER_EXTENSION = xctest;
			};
			name = Debug;
		};
		39D9A50318D84D3900A2E5DB /* Release */ = {
			isa = XCBuildConfiguration;
			buildSettings = {
				ARCHS = "$(ARCHS_STANDARD_INCLUDING_64_BIT)";
				BUNDLE_LOADER = "$(BUILT_PRODUCTS_DIR)/MentionTaging.app/MentionTaging";
				FRAMEWORK_SEARCH_PATHS = (
					"$(SDKROOT)/Developer/Library/Frameworks",
					"$(inherited)",
					"$(DEVELOPER_FRAMEWORKS_DIR)",
				);
				GCC_PRECOMPILE_PREFIX_HEADER = YES;
				GCC_PREFIX_HEADER = "MentionTaging/MentionTaging-Prefix.pch";
				INFOPLIST_FILE = "MentionTagingTests/MentionTagingTests-Info.plist";
				PRODUCT_NAME = "$(TARGET_NAME)";
				TEST_HOST = "$(BUNDLE_LOADER)";
				WRAPPER_EXTENSION = xctest;
			};
			name = Release;
		};
/* End XCBuildConfiguration section */

/* Begin XCConfigurationList section */
		39D9A4CD18D84D3900A2E5DB /* Build configuration list for PBXProject "MentionTaging" */ = {
			isa = XCConfigurationList;
			buildConfigurations = (
				39D9A4FC18D84D3900A2E5DB /* Debug */,
				39D9A4FD18D84D3900A2E5DB /* Release */,
			);
			defaultConfigurationIsVisible = 0;
			defaultConfigurationName = Release;
		};
		39D9A4FE18D84D3900A2E5DB /* Build configuration list for PBXNativeTarget "MentionTaging" */ = {
			isa = XCConfigurationList;
			buildConfigurations = (
				39D9A4FF18D84D3900A2E5DB /* Debug */,
				39D9A50018D84D3900A2E5DB /* Release */,
			);
			defaultConfigurationIsVisible = 0;
		};
		39D9A50118D84D3900A2E5DB /* Build configuration list for PBXNativeTarget "MentionTagingTests" */ = {
			isa = XCConfigurationList;
			buildConfigurations = (
				39D9A50218D84D3900A2E5DB /* Debug */,
				39D9A50318D84D3900A2E5DB /* Release */,
			);
			defaultConfigurationIsVisible = 0;
		};
/* End XCConfigurationList section */
	};
	rootObject = 39D9A4CA18D84D3900A2E5DB /* Project object */;
}
